{
  "version": 4,
  "terraform_version": "1.8.5",
  "serial": 11,
  "lineage": "4f42861e-060b-2160-ead6-cc68ac88878b",
  "outputs": {},
  "resources": [
    {
      "mode": "managed",
      "type": "aws_key_pair",
      "name": "example",
      "provider": "provider[\"registry.terraform.io/hashicorp/aws\"]",
      "instances": [
        {
          "schema_version": 1,
          "attributes": {
            "arn": "arn:aws:ec2:eu-central-1:579845986493:key-pair/example-key",
            "fingerprint": "7a:71:33:1a:ac:dd:52:27:d0:62:de:13:2a:2e:18:52",
            "id": "example-key",
            "key_name": "example-key",
            "key_name_prefix": "",
            "key_pair_id": "key-09d3a1ab6d8c42ad0",
            "key_type": "rsa",
            "public_key": "ssh-rsa AAAAB3NzaC1yc2EAAAADAQABAAABAQC50uB0WWjn5N/I/zuYPC/ZR2MpqxPxyTdhiHuWoI6wKZSTkQV7JzcKQVvjfd+SRs4UGOWaHHnV10Ix0VfD90O69Uw5eJQv8598Q7FPs8YkVasVkGDdGzF5lz/cznxWzXltScRhIMWkX7dRp5oRg9BgUOv1Tz+VZlZS+NCs2BamUgpscHIU9CVSEMCLpmMd6Da2Uz139SjVCtxKosKopx+Sh3yNViDJz49Kfa4OE6V5RJdK2mRw5rA2k+q5ylhKzzlApLwB7yKmo1lh0/L2kTIRPa96QEcGStPrfj2DypOzy0AACuKOLzrQWvSN9yTykuGRqFiJaZESMyT9FKgg1kvx alex@Alexs-MacBook-Pro.local",
            "tags": {},
            "tags_all": {}
          },
          "sensitive_attributes": [],
          "private": "eyJzY2hlbWFfdmVyc2lvbiI6IjEifQ=="
        }
      ]
    }
  ],
  "check_results": null
}
